{
  "object": {
    "pins": [
      {
        "package": "Sparkle",
        "repositoryURL": "https://github.com/sparkle-project/Sparkle",
        "state": {
          "branch": "2.x",
          "revision": "7c8fe1d4277970e4b39f46baa95f9308f19e1757",
          "version": null
        }
      }
    ]
  },
  "version": 1
}
