{
  "object": {
    "pins": [
      {
        "package": "Sparkle",
        "repositoryURL": "https://github.com/sparkle-project/Sparkle",
        "state": {
          "branch": null,
          "revision": "87e4fcbac39912f9cdb9a9acf205cad60e1ca3bc",
          "version": "2.4.2"
        }
      }
    ]
  },
  "version": 1
}
