// !$*UTF8*$!
{
	archiveVersion = 1;
	classes = {
	};
	objectVersion = 54;
	objects = {

/* Begin PBXBuildFile section */
		114545F62710E3AE0017655D /* Shell.swift in Sources */ = {isa = PBXBuildFile; fileRef = 114545F52710E3AE0017655D /* Shell.swift */; };
		115D921226D6F65500F5DF35 /* AppDelegate.swift in Sources */ = {isa = PBXBuildFile; fileRef = 115D921126D6F65500F5DF35 /* AppDelegate.swift */; };
		115D921426D6F65500F5DF35 /* ViewController.swift in Sources */ = {isa = PBXBuildFile; fileRef = 115D921326D6F65500F5DF35 /* ViewController.swift */; };
		115D921626D6F65600F5DF35 /* Assets.xcassets in Resources */ = {isa = PBXBuildFile; fileRef = 115D921526D6F65600F5DF35 /* Assets.xcassets */; };
		115D922426D6F6AF00F5DF35 /* InsertExtension.swift in Sources */ = {isa = PBXBuildFile; fileRef = 115D922326D6F6AE00F5DF35 /* InsertExtension.swift */; };
		58134C0228668FF70008B00D /* Keycodes.swift in Sources */ = {isa = PBXBuildFile; fileRef = 58134C0128668FF70008B00D /* Keycodes.swift */; };
		58B988D426D7ABFE0092EC5B /* ViewControllerDisplays.swift in Sources */ = {isa = PBXBuildFile; fileRef = 58B988D326D7ABFE0092EC5B /* ViewControllerDisplays.swift */; };
		58B988D826D7ACD80092EC5B /* ViewControllerService.swift in Sources */ = {isa = PBXBuildFile; fileRef = 58B988D526D7ACD70092EC5B /* ViewControllerService.swift */; };
		58B988D926D7ACD80092EC5B /* ViewControllerStorage.swift in Sources */ = {isa = PBXBuildFile; fileRef = 58B988D626D7ACD70092EC5B /* ViewControllerStorage.swift */; };
		58B988DA26D7ACD80092EC5B /* ViewControllerSupport.swift in Sources */ = {isa = PBXBuildFile; fileRef = 58B988D726D7ACD80092EC5B /* ViewControllerSupport.swift */; };
		72E686C32862453700B8316D /* Reachability.swift in Sources */ = {isa = PBXBuildFile; fileRef = 72E686C22862453700B8316D /* Reachability.swift */; };
		C1BAD6FF26D70091008460FB /* WindowController.swift in Sources */ = {isa = PBXBuildFile; fileRef = C1BAD6FE26D70091008460FB /* WindowController.swift */; };
		C1D8307D2AAE57E500ABD4A4 /* Tooltips.swift in Sources */ = {isa = PBXBuildFile; fileRef = C1D8307C2AAE57E500ABD4A4 /* Tooltips.swift */; };
		C1EDE5612AC9E70C00878889 /* InitGlobalVariables.swift in Sources */ = {isa = PBXBuildFile; fileRef = C1EDE5602AC9E70C00878889 /* InitGlobalVariables.swift */; };
		C1EDE5632AC9E72900878889 /* CreateDataFiles.swift in Sources */ = {isa = PBXBuildFile; fileRef = C1EDE5622AC9E72900878889 /* CreateDataFiles.swift */; };
		C1F22EAF2AA4EDE000236BB6 /* UpdateController.swift in Sources */ = {isa = PBXBuildFile; fileRef = C1F22EAE2AA4EDE000236BB6 /* UpdateController.swift */; };
		D91B9F7329B27FA800AB58B7 /* Main.storyboard in Resources */ = {isa = PBXBuildFile; fileRef = D91B9F7529B27FA800AB58B7 /* Main.storyboard */; };
		DC6870462A63334400CAD908 /* HCVersion.swift in Sources */ = {isa = PBXBuildFile; fileRef = DC6870452A63334400CAD908 /* HCVersion.swift */; };
		DC6870482A63336E00CAD908 /* HardwareCollector.swift in Sources */ = {isa = PBXBuildFile; fileRef = DC6870472A63336E00CAD908 /* HardwareCollector.swift */; };
		DC68704A2A633DDD00CAD908 /* HCMacModel.swift in Sources */ = {isa = PBXBuildFile; fileRef = DC6870492A633DDD00CAD908 /* HCMacModel.swift */; };
		DC68704C2A6341E700CAD908 /* HCCPU.swift in Sources */ = {isa = PBXBuildFile; fileRef = DC68704B2A6341E700CAD908 /* HCCPU.swift */; };
		DC68704E2A63453900CAD908 /* HCRAM.swift in Sources */ = {isa = PBXBuildFile; fileRef = DC68704D2A63453900CAD908 /* HCRAM.swift */; };
		DC6870502A640A9F00CAD908 /* HCStartupDisk.swift in Sources */ = {isa = PBXBuildFile; fileRef = DC68704F2A640A9F00CAD908 /* HCStartupDisk.swift */; };
		DC6870562A6473AE00CAD908 /* HCGPU.swift in Sources */ = {isa = PBXBuildFile; fileRef = DC6870552A6473AE00CAD908 /* HCGPU.swift */; };
		DC6870582A6473E400CAD908 /* HCSerialNumber.swift in Sources */ = {isa = PBXBuildFile; fileRef = DC6870572A6473E400CAD908 /* HCSerialNumber.swift */; };
		DC68705A2A6473F000CAD908 /* HCBootloader.swift in Sources */ = {isa = PBXBuildFile; fileRef = DC6870592A6473F000CAD908 /* HCBootloader.swift */; };
		DC68705C2A6474B600CAD908 /* HCDisplay.swift in Sources */ = {isa = PBXBuildFile; fileRef = DC68705B2A6474B600CAD908 /* HCDisplay.swift */; };
/* End PBXBuildFile section */

/* Begin PBXFileReference section */
		114545F52710E3AE0017655D /* Shell.swift */ = {isa = PBXFileReference; fileEncoding = 4; lastKnownFileType = sourcecode.swift; path = Shell.swift; sourceTree = "<group>"; };
		115D920E26D6F65500F5DF35 /* About This Hack.app */ = {isa = PBXFileReference; explicitFileType = wrapper.application; includeInIndex = 0; path = "About This Hack.app"; sourceTree = BUILT_PRODUCTS_DIR; };
		115D921126D6F65500F5DF35 /* AppDelegate.swift */ = {isa = PBXFileReference; lastKnownFileType = sourcecode.swift; path = AppDelegate.swift; sourceTree = "<group>"; };
		115D921326D6F65500F5DF35 /* ViewController.swift */ = {isa = PBXFileReference; lastKnownFileType = sourcecode.swift; path = ViewController.swift; sourceTree = "<group>"; };
		115D921526D6F65600F5DF35 /* Assets.xcassets */ = {isa = PBXFileReference; lastKnownFileType = folder.assetcatalog; path = Assets.xcassets; sourceTree = "<group>"; };
		115D921A26D6F65600F5DF35 /* Info.plist */ = {isa = PBXFileReference; lastKnownFileType = text.plist.xml; path = Info.plist; sourceTree = "<group>"; };
		115D921B26D6F65600F5DF35 /* About_This_Hack.entitlements */ = {isa = PBXFileReference; lastKnownFileType = text.plist.entitlements; path = About_This_Hack.entitlements; sourceTree = "<group>"; };
		115D922326D6F6AE00F5DF35 /* InsertExtension.swift */ = {isa = PBXFileReference; fileEncoding = 4; lastKnownFileType = sourcecode.swift; path = InsertExtension.swift; sourceTree = "<group>"; };
		58134C0128668FF70008B00D /* Keycodes.swift */ = {isa = PBXFileReference; lastKnownFileType = sourcecode.swift; path = Keycodes.swift; sourceTree = "<group>"; };
		58B988D326D7ABFE0092EC5B /* ViewControllerDisplays.swift */ = {isa = PBXFileReference; lastKnownFileType = sourcecode.swift; path = ViewControllerDisplays.swift; sourceTree = "<group>"; };
		58B988D526D7ACD70092EC5B /* ViewControllerService.swift */ = {isa = PBXFileReference; fileEncoding = 4; lastKnownFileType = sourcecode.swift; path = ViewControllerService.swift; sourceTree = "<group>"; };
		58B988D626D7ACD70092EC5B /* ViewControllerStorage.swift */ = {isa = PBXFileReference; fileEncoding = 4; lastKnownFileType = sourcecode.swift; path = ViewControllerStorage.swift; sourceTree = "<group>"; };
		58B988D726D7ACD80092EC5B /* ViewControllerSupport.swift */ = {isa = PBXFileReference; fileEncoding = 4; lastKnownFileType = sourcecode.swift; path = ViewControllerSupport.swift; sourceTree = "<group>"; };
		72E686C22862453700B8316D /* Reachability.swift */ = {isa = PBXFileReference; lastKnownFileType = sourcecode.swift; path = Reachability.swift; sourceTree = "<group>"; };
		965FD7C32AF3947B007E88BC /* fr */ = {isa = PBXFileReference; lastKnownFileType = file.storyboard; name = fr; path = fr.lproj/Main.storyboard; sourceTree = "<group>"; };
		C1BAD6FE26D70091008460FB /* WindowController.swift */ = {isa = PBXFileReference; fileEncoding = 4; lastKnownFileType = sourcecode.swift; path = WindowController.swift; sourceTree = "<group>"; };
		C1D8307C2AAE57E500ABD4A4 /* Tooltips.swift */ = {isa = PBXFileReference; lastKnownFileType = sourcecode.swift; path = Tooltips.swift; sourceTree = "<group>"; };
		C1EDE5602AC9E70C00878889 /* InitGlobalVariables.swift */ = {isa = PBXFileReference; lastKnownFileType = sourcecode.swift; path = InitGlobalVariables.swift; sourceTree = "<group>"; };
		C1EDE5622AC9E72900878889 /* CreateDataFiles.swift */ = {isa = PBXFileReference; lastKnownFileType = sourcecode.swift; path = CreateDataFiles.swift; sourceTree = "<group>"; };
		C1F22EAE2AA4EDE000236BB6 /* UpdateController.swift */ = {isa = PBXFileReference; lastKnownFileType = sourcecode.swift; path = UpdateController.swift; sourceTree = "<group>"; };
		D91B9F7429B27FA800AB58B7 /* en */ = {isa = PBXFileReference; lastKnownFileType = file.storyboard; name = en; path = en.lproj/Main.storyboard; sourceTree = "<group>"; };
		DC6870452A63334400CAD908 /* HCVersion.swift */ = {isa = PBXFileReference; lastKnownFileType = sourcecode.swift; path = HCVersion.swift; sourceTree = "<group>"; };
		DC6870472A63336E00CAD908 /* HardwareCollector.swift */ = {isa = PBXFileReference; lastKnownFileType = sourcecode.swift; path = HardwareCollector.swift; sourceTree = "<group>"; };
		DC6870492A633DDD00CAD908 /* HCMacModel.swift */ = {isa = PBXFileReference; lastKnownFileType = sourcecode.swift; path = HCMacModel.swift; sourceTree = "<group>"; };
		DC68704B2A6341E700CAD908 /* HCCPU.swift */ = {isa = PBXFileReference; lastKnownFileType = sourcecode.swift; path = HCCPU.swift; sourceTree = "<group>"; };
		DC68704D2A63453900CAD908 /* HCRAM.swift */ = {isa = PBXFileReference; lastKnownFileType = sourcecode.swift; path = HCRAM.swift; sourceTree = "<group>"; };
		DC68704F2A640A9F00CAD908 /* HCStartupDisk.swift */ = {isa = PBXFileReference; lastKnownFileType = sourcecode.swift; path = HCStartupDisk.swift; sourceTree = "<group>"; };
		DC6870552A6473AE00CAD908 /* HCGPU.swift */ = {isa = PBXFileReference; lastKnownFileType = sourcecode.swift; path = HCGPU.swift; sourceTree = "<group>"; };
		DC6870572A6473E400CAD908 /* HCSerialNumber.swift */ = {isa = PBXFileReference; lastKnownFileType = sourcecode.swift; path = HCSerialNumber.swift; sourceTree = "<group>"; };
		DC6870592A6473F000CAD908 /* HCBootloader.swift */ = {isa = PBXFileReference; lastKnownFileType = sourcecode.swift; path = HCBootloader.swift; sourceTree = "<group>"; };
		DC68705B2A6474B600CAD908 /* HCDisplay.swift */ = {isa = PBXFileReference; lastKnownFileType = sourcecode.swift; path = HCDisplay.swift; sourceTree = "<group>"; };
/* End PBXFileReference section */

/* Begin PBXFrameworksBuildPhase section */
		115D920B26D6F65500F5DF35 /* Frameworks */ = {
			isa = PBXFrameworksBuildPhase;
			buildActionMask = 2147483647;
			files = (
			);
			runOnlyForDeploymentPostprocessing = 0;
		};
/* End PBXFrameworksBuildPhase section */

/* Begin PBXGroup section */
		115D920526D6F65500F5DF35 = {
			isa = PBXGroup;
			children = (
				115D921026D6F65500F5DF35 /* About This Hack */,
				115D920F26D6F65500F5DF35 /* Products */,
				C1DEC6512AA52812001F37A2 /* Frameworks */,
			);
			sourceTree = "<group>";
		};
		115D920F26D6F65500F5DF35 /* Products */ = {
			isa = PBXGroup;
			children = (
				115D920E26D6F65500F5DF35 /* About This Hack.app */,
			);
			name = Products;
			sourceTree = "<group>";
		};
		115D921026D6F65500F5DF35 /* About This Hack */ = {
			isa = PBXGroup;
			children = (
				C1EDE5602AC9E70C00878889 /* InitGlobalVariables.swift */,
				C1EDE5622AC9E72900878889 /* CreateDataFiles.swift */,
				C1BAD6FE26D70091008460FB /* WindowController.swift */,
				115D921126D6F65500F5DF35 /* AppDelegate.swift */,
				D91B9F7529B27FA800AB58B7 /* Main.storyboard */,
				115D921326D6F65500F5DF35 /* ViewController.swift */,
				DC6870472A63336E00CAD908 /* HardwareCollector.swift */,
				DC6870442A63332C00CAD908 /* HardwareCollectors */,
				58B988D326D7ABFE0092EC5B /* ViewControllerDisplays.swift */,
				58B988D626D7ACD70092EC5B /* ViewControllerStorage.swift */,
				58B988D526D7ACD70092EC5B /* ViewControllerService.swift */,
				58B988D726D7ACD80092EC5B /* ViewControllerSupport.swift */,
				114545F52710E3AE0017655D /* Shell.swift */,
				115D922326D6F6AE00F5DF35 /* InsertExtension.swift */,
				72E686C22862453700B8316D /* Reachability.swift */,
				115D921526D6F65600F5DF35 /* Assets.xcassets */,
				115D921A26D6F65600F5DF35 /* Info.plist */,
				115D921B26D6F65600F5DF35 /* About_This_Hack.entitlements */,
				58134C0128668FF70008B00D /* Keycodes.swift */,
				C1F22EAE2AA4EDE000236BB6 /* UpdateController.swift */,
				C1D8307C2AAE57E500ABD4A4 /* Tooltips.swift */,
			);
			path = "About This Hack";
			sourceTree = "<group>";
		};
		C1DEC6512AA52812001F37A2 /* Frameworks */ = {
			isa = PBXGroup;
			children = (
			);
			name = Frameworks;
			sourceTree = "<group>";
		};
		DC6870442A63332C00CAD908 /* HardwareCollectors */ = {
			isa = PBXGroup;
			children = (
				DC6870452A63334400CAD908 /* HCVersion.swift */,
				DC68705B2A6474B600CAD908 /* HCDisplay.swift */,
				DC6870492A633DDD00CAD908 /* HCMacModel.swift */,
				DC68704B2A6341E700CAD908 /* HCCPU.swift */,
				DC68704D2A63453900CAD908 /* HCRAM.swift */,
				DC68704F2A640A9F00CAD908 /* HCStartupDisk.swift */,
				DC6870552A6473AE00CAD908 /* HCGPU.swift */,
				DC6870572A6473E400CAD908 /* HCSerialNumber.swift */,
				DC6870592A6473F000CAD908 /* HCBootloader.swift */,
			);
			path = HardwareCollectors;
			sourceTree = "<group>";
		};
/* End PBXGroup section */

/* Begin PBXNativeTarget section */
		115D920D26D6F65500F5DF35 /* About This Hack */ = {
			isa = PBXNativeTarget;
			buildConfigurationList = 115D921E26D6F65600F5DF35 /* Build configuration list for PBXNativeTarget "About This Hack" */;
			buildPhases = (
				115D920A26D6F65500F5DF35 /* Sources */,
				115D920B26D6F65500F5DF35 /* Frameworks */,
				115D920C26D6F65500F5DF35 /* Resources */,
			);
			buildRules = (
			);
			dependencies = (
			);
			name = "About This Hack";
			packageProductDependencies = (
			);
			productName = "About This Hack";
			productReference = 115D920E26D6F65500F5DF35 /* About This Hack.app */;
			productType = "com.apple.product-type.application";
		};
/* End PBXNativeTarget section */

/* Begin PBXProject section */
		115D920626D6F65500F5DF35 /* Project object */ = {
			isa = PBXProject;
			attributes = {
				BuildIndependentTargetsInParallel = YES;
				LastSwiftUpdateCheck = 1250;
				LastUpgradeCheck = 1500;
				TargetAttributes = {
					115D920D26D6F65500F5DF35 = {
						CreatedOnToolsVersion = 12.5;
					};
				};
			};
			buildConfigurationList = 115D920926D6F65500F5DF35 /* Build configuration list for PBXProject "About This Hack" */;
			compatibilityVersion = "Xcode 10.0";
			developmentRegion = en;
			hasScannedForEncodings = 0;
			knownRegions = (
				en,
				Base,
				fr,
			);
			mainGroup = 115D920526D6F65500F5DF35;
			packageReferences = (
			);
			productRefGroup = 115D920F26D6F65500F5DF35 /* Products */;
			projectDirPath = "";
			projectRoot = "";
			targets = (
				115D920D26D6F65500F5DF35 /* About This Hack */,
			);
		};
/* End PBXProject section */

/* Begin PBXResourcesBuildPhase section */
		115D920C26D6F65500F5DF35 /* Resources */ = {
			isa = PBXResourcesBuildPhase;
			buildActionMask = 2147483647;
			files = (
				D91B9F7329B27FA800AB58B7 /* Main.storyboard in Resources */,
				115D921626D6F65600F5DF35 /* Assets.xcassets in Resources */,
			);
			runOnlyForDeploymentPostprocessing = 0;
		};
/* End PBXResourcesBuildPhase section */

/* Begin PBXSourcesBuildPhase section */
		115D920A26D6F65500F5DF35 /* Sources */ = {
			isa = PBXSourcesBuildPhase;
			buildActionMask = 2147483647;
			files = (
				115D921426D6F65500F5DF35 /* ViewController.swift in Sources */,
				DC6870582A6473E400CAD908 /* HCSerialNumber.swift in Sources */,
				DC6870502A640A9F00CAD908 /* HCStartupDisk.swift in Sources */,
				DC68704E2A63453900CAD908 /* HCRAM.swift in Sources */,
				C1F22EAF2AA4EDE000236BB6 /* UpdateController.swift in Sources */,
				72E686C32862453700B8316D /* Reachability.swift in Sources */,
				58134C0228668FF70008B00D /* Keycodes.swift in Sources */,
				58B988D826D7ACD80092EC5B /* ViewControllerService.swift in Sources */,
				C1EDE5632AC9E72900878889 /* CreateDataFiles.swift in Sources */,
				58B988D926D7ACD80092EC5B /* ViewControllerStorage.swift in Sources */,
				58B988DA26D7ACD80092EC5B /* ViewControllerSupport.swift in Sources */,
				58B988D426D7ABFE0092EC5B /* ViewControllerDisplays.swift in Sources */,
				DC6870562A6473AE00CAD908 /* HCGPU.swift in Sources */,
				DC6870462A63334400CAD908 /* HCVersion.swift in Sources */,
				C1BAD6FF26D70091008460FB /* WindowController.swift in Sources */,
				DC6870482A63336E00CAD908 /* HardwareCollector.swift in Sources */,
				114545F62710E3AE0017655D /* Shell.swift in Sources */,
				C1D8307D2AAE57E500ABD4A4 /* Tooltips.swift in Sources */,
				DC68705C2A6474B600CAD908 /* HCDisplay.swift in Sources */,
				C1EDE5612AC9E70C00878889 /* InitGlobalVariables.swift in Sources */,
				DC68705A2A6473F000CAD908 /* HCBootloader.swift in Sources */,
				DC68704C2A6341E700CAD908 /* HCCPU.swift in Sources */,
				115D922426D6F6AF00F5DF35 /* InsertExtension.swift in Sources */,
				DC68704A2A633DDD00CAD908 /* HCMacModel.swift in Sources */,
				115D921226D6F65500F5DF35 /* AppDelegate.swift in Sources */,
			);
			runOnlyForDeploymentPostprocessing = 0;
		};
/* End PBXSourcesBuildPhase section */

/* Begin PBXVariantGroup section */
		D91B9F7529B27FA800AB58B7 /* Main.storyboard */ = {
			isa = PBXVariantGroup;
			children = (
				D91B9F7429B27FA800AB58B7 /* en */,
				965FD7C32AF3947B007E88BC /* fr */,
			);
			name = Main.storyboard;
			sourceTree = "<group>";
		};
/* End PBXVariantGroup section */

/* Begin XCBuildConfiguration section */
		115D921C26D6F65600F5DF35 /* Debug */ = {
			isa = XCBuildConfiguration;
			buildSettings = {
				ALWAYS_SEARCH_USER_PATHS = NO;
				ASSETCATALOG_COMPILER_GENERATE_SWIFT_ASSET_SYMBOL_EXTENSIONS = YES;
				CLANG_ANALYZER_LOCALIZABILITY_NONLOCALIZED = YES;
				CLANG_ANALYZER_NONNULL = YES;
				CLANG_ANALYZER_NUMBER_OBJECT_CONVERSION = YES_AGGRESSIVE;
				CLANG_CXX_LANGUAGE_STANDARD = "gnu++14";
				CLANG_CXX_LIBRARY = "libc++";
				CLANG_ENABLE_MODULES = YES;
				CLANG_ENABLE_OBJC_ARC = YES;
				CLANG_ENABLE_OBJC_WEAK = YES;
				CLANG_WARN_BLOCK_CAPTURE_AUTORELEASING = YES;
				CLANG_WARN_BOOL_CONVERSION = YES;
				CLANG_WARN_COMMA = YES;
				CLANG_WARN_CONSTANT_CONVERSION = YES;
				CLANG_WARN_DEPRECATED_OBJC_IMPLEMENTATIONS = YES;
				CLANG_WARN_DIRECT_OBJC_ISA_USAGE = YES_ERROR;
				CLANG_WARN_DOCUMENTATION_COMMENTS = YES;
				CLANG_WARN_EMPTY_BODY = YES;
				CLANG_WARN_ENUM_CONVERSION = YES;
				CLANG_WARN_INFINITE_RECURSION = YES;
				CLANG_WARN_INT_CONVERSION = YES;
				CLANG_WARN_NON_LITERAL_NULL_CONVERSION = YES;
				CLANG_WARN_OBJC_IMPLICIT_RETAIN_SELF = YES;
				CLANG_WARN_OBJC_LITERAL_CONVERSION = YES;
				CLANG_WARN_OBJC_ROOT_CLASS = YES_ERROR;
				CLANG_WARN_QUOTED_INCLUDE_IN_FRAMEWORK_HEADER = YES;
				CLANG_WARN_RANGE_LOOP_ANALYSIS = YES;
				CLANG_WARN_STRICT_PROTOTYPES = YES;
				CLANG_WARN_SUSPICIOUS_MOVE = YES;
				CLANG_WARN_UNGUARDED_AVAILABILITY = YES_AGGRESSIVE;
				CLANG_WARN_UNREACHABLE_CODE = YES;
				CLANG_WARN__DUPLICATE_METHOD_MATCH = YES;
				COPY_PHASE_STRIP = NO;
				DEAD_CODE_STRIPPING = YES;
				DEBUG_INFORMATION_FORMAT = dwarf;
				ENABLE_STRICT_OBJC_MSGSEND = YES;
				ENABLE_TESTABILITY = YES;
				ENABLE_USER_SCRIPT_SANDBOXING = YES;
				GCC_C_LANGUAGE_STANDARD = gnu11;
				GCC_DYNAMIC_NO_PIC = NO;
				GCC_NO_COMMON_BLOCKS = YES;
				GCC_OPTIMIZATION_LEVEL = 0;
				GCC_PREPROCESSOR_DEFINITIONS = (
					"DEBUG=1",
					"$(inherited)",
				);
				GCC_WARN_64_TO_32_BIT_CONVERSION = YES;
				GCC_WARN_ABOUT_RETURN_TYPE = YES_ERROR;
				GCC_WARN_UNDECLARED_SELECTOR = YES;
				GCC_WARN_UNINITIALIZED_AUTOS = YES_AGGRESSIVE;
				GCC_WARN_UNUSED_FUNCTION = YES;
				GCC_WARN_UNUSED_VARIABLE = YES;
				MTL_ENABLE_DEBUG_INFO = INCLUDE_SOURCE;
				MTL_FAST_MATH = YES;
				ONLY_ACTIVE_ARCH = YES;
				OTHER_LDFLAGS = "";
				SDKROOT = macosx;
				SWIFT_ACTIVE_COMPILATION_CONDITIONS = DEBUG;
				SWIFT_OPTIMIZATION_LEVEL = "-Onone";
			};
			name = Debug;
		};
		115D921D26D6F65600F5DF35 /* Release */ = {
			isa = XCBuildConfiguration;
			buildSettings = {
				ALWAYS_SEARCH_USER_PATHS = NO;
				ASSETCATALOG_COMPILER_GENERATE_SWIFT_ASSET_SYMBOL_EXTENSIONS = YES;
				CLANG_ANALYZER_LOCALIZABILITY_NONLOCALIZED = YES;
				CLANG_ANALYZER_NONNULL = YES;
				CLANG_ANALYZER_NUMBER_OBJECT_CONVERSION = YES_AGGRESSIVE;
				CLANG_CXX_LANGUAGE_STANDARD = "gnu++14";
				CLANG_CXX_LIBRARY = "libc++";
				CLANG_ENABLE_MODULES = YES;
				CLANG_ENABLE_OBJC_ARC = YES;
				CLANG_ENABLE_OBJC_WEAK = YES;
				CLANG_WARN_BLOCK_CAPTURE_AUTORELEASING = YES;
				CLANG_WARN_BOOL_CONVERSION = YES;
				CLANG_WARN_COMMA = YES;
				CLANG_WARN_CONSTANT_CONVERSION = YES;
				CLANG_WARN_DEPRECATED_OBJC_IMPLEMENTATIONS = YES;
				CLANG_WARN_DIRECT_OBJC_ISA_USAGE = YES_ERROR;
				CLANG_WARN_DOCUMENTATION_COMMENTS = YES;
				CLANG_WARN_EMPTY_BODY = YES;
				CLANG_WARN_ENUM_CONVERSION = YES;
				CLANG_WARN_INFINITE_RECURSION = YES;
				CLANG_WARN_INT_CONVERSION = YES;
				CLANG_WARN_NON_LITERAL_NULL_CONVERSION = YES;
				CLANG_WARN_OBJC_IMPLICIT_RETAIN_SELF = YES;
				CLANG_WARN_OBJC_LITERAL_CONVERSION = YES;
				CLANG_WARN_OBJC_ROOT_CLASS = YES_ERROR;
				CLANG_WARN_QUOTED_INCLUDE_IN_FRAMEWORK_HEADER = YES;
				CLANG_WARN_RANGE_LOOP_ANALYSIS = YES;
				CLANG_WARN_STRICT_PROTOTYPES = YES;
				CLANG_WARN_SUSPICIOUS_MOVE = YES;
				CLANG_WARN_UNGUARDED_AVAILABILITY = YES_AGGRESSIVE;
				CLANG_WARN_UNREACHABLE_CODE = YES;
				CLANG_WARN__DUPLICATE_METHOD_MATCH = YES;
				COPY_PHASE_STRIP = NO;
				DEAD_CODE_STRIPPING = YES;
				DEBUG_INFORMATION_FORMAT = "dwarf-with-dsym";
				ENABLE_NS_ASSERTIONS = NO;
				ENABLE_STRICT_OBJC_MSGSEND = YES;
				ENABLE_USER_SCRIPT_SANDBOXING = YES;
				GCC_C_LANGUAGE_STANDARD = gnu11;
				GCC_NO_COMMON_BLOCKS = YES;
				GCC_WARN_64_TO_32_BIT_CONVERSION = YES;
				GCC_WARN_ABOUT_RETURN_TYPE = YES_ERROR;
				GCC_WARN_UNDECLARED_SELECTOR = YES;
				GCC_WARN_UNINITIALIZED_AUTOS = YES_AGGRESSIVE;
				GCC_WARN_UNUSED_FUNCTION = YES;
				GCC_WARN_UNUSED_VARIABLE = YES;
				MTL_ENABLE_DEBUG_INFO = NO;
				MTL_FAST_MATH = YES;
				OTHER_LDFLAGS = "";
				SDKROOT = macosx;
				SWIFT_COMPILATION_MODE = wholemodule;
				SWIFT_OPTIMIZATION_LEVEL = "-O";
			};
			name = Release;
		};
		115D921F26D6F65600F5DF35 /* Debug */ = {
			isa = XCBuildConfiguration;
			buildSettings = {
				ASSETCATALOG_COMPILER_APPICON_NAME = AppIcon;
				ASSETCATALOG_COMPILER_GLOBAL_ACCENT_COLOR_NAME = AccentColor;
				CODE_SIGN_ENTITLEMENTS = "About This Hack/About_This_Hack.entitlements";
				CODE_SIGN_IDENTITY = "Apple Development";
				CODE_SIGN_STYLE = Automatic;
				COMBINE_HIDPI_IMAGES = YES;
				CURRENT_PROJECT_VERSION = 1400;
				DEAD_CODE_STRIPPING = YES;
				DEVELOPMENT_TEAM = T474C55Q79;
				ENABLE_HARDENED_RUNTIME = YES;
				INFOPLIST_FILE = "About This Hack/Info.plist";
				INFOPLIST_KEY_CFBundleDisplayName = "About This Hack";
				INFOPLIST_KEY_LSApplicationCategoryType = "public.app-category.utilities";
				LD_RUNPATH_SEARCH_PATHS = (
					"$(inherited)",
					"@executable_path/../Frameworks",
				);
				LIBRARY_SEARCH_PATHS = (
					"$(inherited)",
					"$(SDKROOT)/usr/lib/swift",
				);
				MACOSX_DEPLOYMENT_TARGET = 10.12;
				MARKETING_VERSION = 1.1.0;
				PRODUCT_BUNDLE_IDENTIFIER = "app.netlify.0xCUBE.About-This-Hack";
				PRODUCT_NAME = "$(TARGET_NAME)";
				PROVISIONING_PROFILE_SPECIFIER = "";
				SWIFT_VERSION = 5.0;
			};
			name = Debug;
		};
		115D922026D6F65600F5DF35 /* Release */ = {
			isa = XCBuildConfiguration;
			buildSettings = {
				ASSETCATALOG_COMPILER_APPICON_NAME = AppIcon;
				ASSETCATALOG_COMPILER_GLOBAL_ACCENT_COLOR_NAME = AccentColor;
				CODE_SIGN_ENTITLEMENTS = "About This Hack/About_This_Hack.entitlements";
				CODE_SIGN_IDENTITY = "Apple Development";
				CODE_SIGN_STYLE = Automatic;
				COMBINE_HIDPI_IMAGES = YES;
				CURRENT_PROJECT_VERSION = 1400;
				DEAD_CODE_STRIPPING = YES;
				DEVELOPMENT_TEAM = T474C55Q79;
				ENABLE_HARDENED_RUNTIME = YES;
				INFOPLIST_FILE = "About This Hack/Info.plist";
				INFOPLIST_KEY_CFBundleDisplayName = "About This Hack";
				INFOPLIST_KEY_LSApplicationCategoryType = "public.app-category.utilities";
				LD_RUNPATH_SEARCH_PATHS = (
					"$(inherited)",
					"@executable_path/../Frameworks",
				);
				LIBRARY_SEARCH_PATHS = (
					"$(inherited)",
					"$(SDKROOT)/usr/lib/swift",
				);
				MACOSX_DEPLOYMENT_TARGET = 10.12;
				MARKETING_VERSION = 1.1.0;
				PRODUCT_BUNDLE_IDENTIFIER = "app.netlify.0xCUBE.About-This-Hack";
				PRODUCT_NAME = "$(TARGET_NAME)";
				PROVISIONING_PROFILE_SPECIFIER = "";
				SWIFT_VERSION = 5.0;
			};
			name = Release;
		};
/* End XCBuildConfiguration section */

/* Begin XCConfigurationList section */
		115D920926D6F65500F5DF35 /* Build configuration list for PBXProject "About This Hack" */ = {
			isa = XCConfigurationList;
			buildConfigurations = (
				115D921C26D6F65600F5DF35 /* Debug */,
				115D921D26D6F65600F5DF35 /* Release */,
			);
			defaultConfigurationIsVisible = 0;
			defaultConfigurationName = Release;
		};
		115D921E26D6F65600F5DF35 /* Build configuration list for PBXNativeTarget "About This Hack" */ = {
			isa = XCConfigurationList;
			buildConfigurations = (
				115D921F26D6F65600F5DF35 /* Debug */,
				115D922026D6F65600F5DF35 /* Release */,
			);
			defaultConfigurationIsVisible = 0;
			defaultConfigurationName = Release;
		};
/* End XCConfigurationList section */
	};
	rootObject = 115D920626D6F65500F5DF35 /* Project object */;
}
