// !$*UTF8*$!
{
	archiveVersion = 1;
	classes = {
	};
	objectVersion = 55;
	objects = {

/* Begin PBXBuildFile section */
		C13F44EB26CFD65A005984E0 /* AppDelegate.swift in Sources */ = {isa = PBXBuildFile; fileRef = C13F44EA26CFD65A005984E0 /* AppDelegate.swift */; };
		C13F44ED26CFD65A005984E0 /* ViewController.swift in Sources */ = {isa = PBXBuildFile; fileRef = C13F44EC26CFD65A005984E0 /* ViewController.swift */; };
		C13F44EF26CFD65B005984E0 /* Assets.xcassets in Resources */ = {isa = PBXBuildFile; fileRef = C13F44EE26CFD65B005984E0 /* Assets.xcassets */; };
		C13F44F226CFD65B005984E0 /* Main.storyboard in Resources */ = {isa = PBXBuildFile; fileRef = C13F44F026CFD65B005984E0 /* Main.storyboard */; };
		C13F44FC26CFD65B005984E0 /* About_This_HackTests.swift in Sources */ = {isa = PBXBuildFile; fileRef = C13F44FB26CFD65B005984E0 /* About_This_HackTests.swift */; };
		C13F450626CFD65B005984E0 /* About_This_HackUITests.swift in Sources */ = {isa = PBXBuildFile; fileRef = C13F450526CFD65B005984E0 /* About_This_HackUITests.swift */; };
		C14F091C26D5530B007F2C50 /* InsertExtension.swift in Sources */ = {isa = PBXBuildFile; fileRef = C14F091B26D5530B007F2C50 /* InsertExtension.swift */; };
		C199D35A26D2E7100068FB3D /* ShellOut.swift in Sources */ = {isa = PBXBuildFile; fileRef = C199D35926D2E7100068FB3D /* ShellOut.swift */; };
/* End PBXBuildFile section */

/* Begin PBXContainerItemProxy section */
		C13F44F826CFD65B005984E0 /* PBXContainerItemProxy */ = {
			isa = PBXContainerItemProxy;
			containerPortal = C13F44DF26CFD65A005984E0 /* Project object */;
			proxyType = 1;
			remoteGlobalIDString = C13F44E626CFD65A005984E0;
			remoteInfo = "About This Hack";
		};
		C13F450226CFD65B005984E0 /* PBXContainerItemProxy */ = {
			isa = PBXContainerItemProxy;
			containerPortal = C13F44DF26CFD65A005984E0 /* Project object */;
			proxyType = 1;
			remoteGlobalIDString = C13F44E626CFD65A005984E0;
			remoteInfo = "About This Hack";
		};
/* End PBXContainerItemProxy section */

/* Begin PBXFileReference section */
		C13F44E726CFD65A005984E0 /* About This Hack.app */ = {isa = PBXFileReference; explicitFileType = wrapper.application; includeInIndex = 0; path = "About This Hack.app"; sourceTree = BUILT_PRODUCTS_DIR; };
		C13F44EA26CFD65A005984E0 /* AppDelegate.swift */ = {isa = PBXFileReference; lastKnownFileType = sourcecode.swift; path = AppDelegate.swift; sourceTree = "<group>"; };
		C13F44EC26CFD65A005984E0 /* ViewController.swift */ = {isa = PBXFileReference; lastKnownFileType = sourcecode.swift; path = ViewController.swift; sourceTree = "<group>"; };
		C13F44EE26CFD65B005984E0 /* Assets.xcassets */ = {isa = PBXFileReference; lastKnownFileType = folder.assetcatalog; path = Assets.xcassets; sourceTree = "<group>"; };
		C13F44F126CFD65B005984E0 /* Base */ = {isa = PBXFileReference; lastKnownFileType = file.storyboard; name = Base; path = Base.lproj/Main.storyboard; sourceTree = "<group>"; };
		C13F44F726CFD65B005984E0 /* About This HackTests.xctest */ = {isa = PBXFileReference; explicitFileType = wrapper.cfbundle; includeInIndex = 0; path = "About This HackTests.xctest"; sourceTree = BUILT_PRODUCTS_DIR; };
		C13F44FB26CFD65B005984E0 /* About_This_HackTests.swift */ = {isa = PBXFileReference; lastKnownFileType = sourcecode.swift; path = About_This_HackTests.swift; sourceTree = "<group>"; };
		C13F450126CFD65B005984E0 /* About This HackUITests.xctest */ = {isa = PBXFileReference; explicitFileType = wrapper.cfbundle; includeInIndex = 0; path = "About This HackUITests.xctest"; sourceTree = BUILT_PRODUCTS_DIR; };
		C13F450526CFD65B005984E0 /* About_This_HackUITests.swift */ = {isa = PBXFileReference; lastKnownFileType = sourcecode.swift; path = About_This_HackUITests.swift; sourceTree = "<group>"; };
		C14F091A26D5511D007F2C50 /* About This Hack.entitlements */ = {isa = PBXFileReference; fileEncoding = 4; lastKnownFileType = text.plist.entitlements; path = "About This Hack.entitlements"; sourceTree = "<group>"; };
		C14F091B26D5530B007F2C50 /* InsertExtension.swift */ = {isa = PBXFileReference; lastKnownFileType = sourcecode.swift; path = InsertExtension.swift; sourceTree = "<group>"; };
		C199D35926D2E7100068FB3D /* ShellOut.swift */ = {isa = PBXFileReference; fileEncoding = 4; lastKnownFileType = sourcecode.swift; path = ShellOut.swift; sourceTree = "<group>"; };
/* End PBXFileReference section */

/* Begin PBXFrameworksBuildPhase section */
		C13F44E426CFD65A005984E0 /* Frameworks */ = {
			isa = PBXFrameworksBuildPhase;
			buildActionMask = 2147483647;
			files = (
			);
			runOnlyForDeploymentPostprocessing = 0;
		};
		C13F44F426CFD65B005984E0 /* Frameworks */ = {
			isa = PBXFrameworksBuildPhase;
			buildActionMask = 2147483647;
			files = (
			);
			runOnlyForDeploymentPostprocessing = 0;
		};
		C13F44FE26CFD65B005984E0 /* Frameworks */ = {
			isa = PBXFrameworksBuildPhase;
			buildActionMask = 2147483647;
			files = (
			);
			runOnlyForDeploymentPostprocessing = 0;
		};
/* End PBXFrameworksBuildPhase section */

/* Begin PBXGroup section */
		C13F44DE26CFD65A005984E0 = {
			isa = PBXGroup;
			children = (
				C13F44E926CFD65A005984E0 /* About This Hack */,
				C13F44FA26CFD65B005984E0 /* About This HackTests */,
				C13F450426CFD65B005984E0 /* About This HackUITests */,
				C13F44E826CFD65A005984E0 /* Products */,
			);
			sourceTree = "<group>";
		};
		C13F44E826CFD65A005984E0 /* Products */ = {
			isa = PBXGroup;
			children = (
				C13F44E726CFD65A005984E0 /* About This Hack.app */,
				C13F44F726CFD65B005984E0 /* About This HackTests.xctest */,
				C13F450126CFD65B005984E0 /* About This HackUITests.xctest */,
			);
			name = Products;
			sourceTree = "<group>";
		};
		C13F44E926CFD65A005984E0 /* About This Hack */ = {
			isa = PBXGroup;
			children = (
				C14F091A26D5511D007F2C50 /* About This Hack.entitlements */,
				C13F44EA26CFD65A005984E0 /* AppDelegate.swift */,
				C13F44EC26CFD65A005984E0 /* ViewController.swift */,
				C199D35926D2E7100068FB3D /* ShellOut.swift */,
				C14F091B26D5530B007F2C50 /* InsertExtension.swift */,
				C13F44EE26CFD65B005984E0 /* Assets.xcassets */,
				C13F44F026CFD65B005984E0 /* Main.storyboard */,
			);
			path = "About This Hack";
			sourceTree = "<group>";
		};
		C13F44FA26CFD65B005984E0 /* About This HackTests */ = {
			isa = PBXGroup;
			children = (
				C13F44FB26CFD65B005984E0 /* About_This_HackTests.swift */,
			);
			path = "About This HackTests";
			sourceTree = "<group>";
		};
		C13F450426CFD65B005984E0 /* About This HackUITests */ = {
			isa = PBXGroup;
			children = (
				C13F450526CFD65B005984E0 /* About_This_HackUITests.swift */,
			);
			path = "About This HackUITests";
			sourceTree = "<group>";
		};
/* End PBXGroup section */

/* Begin PBXNativeTarget section */
		C13F44E626CFD65A005984E0 /* About This Hack */ = {
			isa = PBXNativeTarget;
			buildConfigurationList = C13F450926CFD65B005984E0 /* Build configuration list for PBXNativeTarget "About This Hack" */;
			buildPhases = (
				C13F44E326CFD65A005984E0 /* Sources */,
				C13F44E426CFD65A005984E0 /* Frameworks */,
				C13F44E526CFD65A005984E0 /* Resources */,
			);
			buildRules = (
			);
			dependencies = (
			);
			name = "About This Hack";
			productName = "About This Hack";
			productReference = C13F44E726CFD65A005984E0 /* About This Hack.app */;
			productType = "com.apple.product-type.application";
		};
		C13F44F626CFD65B005984E0 /* About This HackTests */ = {
			isa = PBXNativeTarget;
			buildConfigurationList = C13F450C26CFD65B005984E0 /* Build configuration list for PBXNativeTarget "About This HackTests" */;
			buildPhases = (
				C13F44F326CFD65B005984E0 /* Sources */,
				C13F44F426CFD65B005984E0 /* Frameworks */,
				C13F44F526CFD65B005984E0 /* Resources */,
			);
			buildRules = (
			);
			dependencies = (
				C13F44F926CFD65B005984E0 /* PBXTargetDependency */,
			);
			name = "About This HackTests";
			productName = "About This HackTests";
			productReference = C13F44F726CFD65B005984E0 /* About This HackTests.xctest */;
			productType = "com.apple.product-type.bundle.unit-test";
		};
		C13F450026CFD65B005984E0 /* About This HackUITests */ = {
			isa = PBXNativeTarget;
			buildConfigurationList = C13F450F26CFD65B005984E0 /* Build configuration list for PBXNativeTarget "About This HackUITests" */;
			buildPhases = (
				C13F44FD26CFD65B005984E0 /* Sources */,
				C13F44FE26CFD65B005984E0 /* Frameworks */,
				C13F44FF26CFD65B005984E0 /* Resources */,
			);
			buildRules = (
			);
			dependencies = (
				C13F450326CFD65B005984E0 /* PBXTargetDependency */,
			);
			name = "About This HackUITests";
			productName = "About This HackUITests";
			productReference = C13F450126CFD65B005984E0 /* About This HackUITests.xctest */;
			productType = "com.apple.product-type.bundle.ui-testing";
		};
/* End PBXNativeTarget section */

/* Begin PBXProject section */
		C13F44DF26CFD65A005984E0 /* Project object */ = {
			isa = PBXProject;
			attributes = {
				BuildIndependentTargetsInParallel = 1;
				LastSwiftUpdateCheck = 1300;
				LastUpgradeCheck = 1300;
				TargetAttributes = {
					C13F44E626CFD65A005984E0 = {
						CreatedOnToolsVersion = 13.0;
					};
					C13F44F626CFD65B005984E0 = {
						CreatedOnToolsVersion = 13.0;
						TestTargetID = C13F44E626CFD65A005984E0;
					};
					C13F450026CFD65B005984E0 = {
						CreatedOnToolsVersion = 13.0;
						TestTargetID = C13F44E626CFD65A005984E0;
					};
				};
			};
			buildConfigurationList = C13F44E226CFD65A005984E0 /* Build configuration list for PBXProject "About This Hack" */;
			compatibilityVersion = "Xcode 13.0";
			developmentRegion = en;
			hasScannedForEncodings = 0;
			knownRegions = (
				en,
				Base,
			);
			mainGroup = C13F44DE26CFD65A005984E0;
			productRefGroup = C13F44E826CFD65A005984E0 /* Products */;
			projectDirPath = "";
			projectRoot = "";
			targets = (
				C13F44E626CFD65A005984E0 /* About This Hack */,
				C13F44F626CFD65B005984E0 /* About This HackTests */,
				C13F450026CFD65B005984E0 /* About This HackUITests */,
			);
		};
/* End PBXProject section */

/* Begin PBXResourcesBuildPhase section */
		C13F44E526CFD65A005984E0 /* Resources */ = {
			isa = PBXResourcesBuildPhase;
			buildActionMask = 2147483647;
			files = (
				C13F44EF26CFD65B005984E0 /* Assets.xcassets in Resources */,
				C13F44F226CFD65B005984E0 /* Main.storyboard in Resources */,
			);
			runOnlyForDeploymentPostprocessing = 0;
		};
		C13F44F526CFD65B005984E0 /* Resources */ = {
			isa = PBXResourcesBuildPhase;
			buildActionMask = 2147483647;
			files = (
			);
			runOnlyForDeploymentPostprocessing = 0;
		};
		C13F44FF26CFD65B005984E0 /* Resources */ = {
			isa = PBXResourcesBuildPhase;
			buildActionMask = 2147483647;
			files = (
			);
			runOnlyForDeploymentPostprocessing = 0;
		};
/* End PBXResourcesBuildPhase section */

/* Begin PBXSourcesBuildPhase section */
		C13F44E326CFD65A005984E0 /* Sources */ = {
			isa = PBXSourcesBuildPhase;
			buildActionMask = 2147483647;
			files = (
				C13F44ED26CFD65A005984E0 /* ViewController.swift in Sources */,
				C199D35A26D2E7100068FB3D /* ShellOut.swift in Sources */,
				C14F091C26D5530B007F2C50 /* InsertExtension.swift in Sources */,
				C13F44EB26CFD65A005984E0 /* AppDelegate.swift in Sources */,
			);
			runOnlyForDeploymentPostprocessing = 0;
		};
		C13F44F326CFD65B005984E0 /* Sources */ = {
			isa = PBXSourcesBuildPhase;
			buildActionMask = 2147483647;
			files = (
				C13F44FC26CFD65B005984E0 /* About_This_HackTests.swift in Sources */,
			);
			runOnlyForDeploymentPostprocessing = 0;
		};
		C13F44FD26CFD65B005984E0 /* Sources */ = {
			isa = PBXSourcesBuildPhase;
			buildActionMask = 2147483647;
			files = (
				C13F450626CFD65B005984E0 /* About_This_HackUITests.swift in Sources */,
			);
			runOnlyForDeploymentPostprocessing = 0;
		};
/* End PBXSourcesBuildPhase section */

/* Begin PBXTargetDependency section */
		C13F44F926CFD65B005984E0 /* PBXTargetDependency */ = {
			isa = PBXTargetDependency;
			target = C13F44E626CFD65A005984E0 /* About This Hack */;
			targetProxy = C13F44F826CFD65B005984E0 /* PBXContainerItemProxy */;
		};
		C13F450326CFD65B005984E0 /* PBXTargetDependency */ = {
			isa = PBXTargetDependency;
			target = C13F44E626CFD65A005984E0 /* About This Hack */;
			targetProxy = C13F450226CFD65B005984E0 /* PBXContainerItemProxy */;
		};
/* End PBXTargetDependency section */

/* Begin PBXVariantGroup section */
		C13F44F026CFD65B005984E0 /* Main.storyboard */ = {
			isa = PBXVariantGroup;
			children = (
				C13F44F126CFD65B005984E0 /* Base */,
			);
			name = Main.storyboard;
			sourceTree = "<group>";
		};
/* End PBXVariantGroup section */

/* Begin XCBuildConfiguration section */
		C13F450726CFD65B005984E0 /* Debug */ = {
			isa = XCBuildConfiguration;
			buildSettings = {
				ALWAYS_SEARCH_USER_PATHS = NO;
				CLANG_ANALYZER_NONNULL = YES;
				CLANG_ANALYZER_NUMBER_OBJECT_CONVERSION = YES_AGGRESSIVE;
				CLANG_CXX_LANGUAGE_STANDARD = "gnu++17";
				CLANG_CXX_LIBRARY = "libc++";
				CLANG_ENABLE_MODULES = YES;
				CLANG_ENABLE_OBJC_ARC = YES;
				CLANG_ENABLE_OBJC_WEAK = YES;
				CLANG_WARN_BLOCK_CAPTURE_AUTORELEASING = YES;
				CLANG_WARN_BOOL_CONVERSION = YES;
				CLANG_WARN_COMMA = YES;
				CLANG_WARN_CONSTANT_CONVERSION = YES;
				CLANG_WARN_DEPRECATED_OBJC_IMPLEMENTATIONS = YES;
				CLANG_WARN_DIRECT_OBJC_ISA_USAGE = YES_ERROR;
				CLANG_WARN_DOCUMENTATION_COMMENTS = YES;
				CLANG_WARN_EMPTY_BODY = YES;
				CLANG_WARN_ENUM_CONVERSION = YES;
				CLANG_WARN_INFINITE_RECURSION = YES;
				CLANG_WARN_INT_CONVERSION = YES;
				CLANG_WARN_NON_LITERAL_NULL_CONVERSION = YES;
				CLANG_WARN_OBJC_IMPLICIT_RETAIN_SELF = YES;
				CLANG_WARN_OBJC_LITERAL_CONVERSION = YES;
				CLANG_WARN_OBJC_ROOT_CLASS = YES_ERROR;
				CLANG_WARN_QUOTED_INCLUDE_IN_FRAMEWORK_HEADER = YES;
				CLANG_WARN_RANGE_LOOP_ANALYSIS = YES;
				CLANG_WARN_STRICT_PROTOTYPES = YES;
				CLANG_WARN_SUSPICIOUS_MOVE = YES;
				CLANG_WARN_UNGUARDED_AVAILABILITY = YES_AGGRESSIVE;
				CLANG_WARN_UNREACHABLE_CODE = YES;
				CLANG_WARN__DUPLICATE_METHOD_MATCH = YES;
				COPY_PHASE_STRIP = NO;
				DEBUG_INFORMATION_FORMAT = dwarf;
				ENABLE_STRICT_OBJC_MSGSEND = YES;
				ENABLE_TESTABILITY = YES;
				GCC_C_LANGUAGE_STANDARD = gnu11;
				GCC_DYNAMIC_NO_PIC = NO;
				GCC_NO_COMMON_BLOCKS = YES;
				GCC_OPTIMIZATION_LEVEL = 0;
				GCC_PREPROCESSOR_DEFINITIONS = (
					"DEBUG=1",
					"$(inherited)",
				);
				GCC_WARN_64_TO_32_BIT_CONVERSION = YES;
				GCC_WARN_ABOUT_RETURN_TYPE = YES_ERROR;
				GCC_WARN_UNDECLARED_SELECTOR = YES;
				GCC_WARN_UNINITIALIZED_AUTOS = YES_AGGRESSIVE;
				GCC_WARN_UNUSED_FUNCTION = YES;
				GCC_WARN_UNUSED_VARIABLE = YES;
				MACOSX_DEPLOYMENT_TARGET = 12.0;
				MTL_ENABLE_DEBUG_INFO = INCLUDE_SOURCE;
				MTL_FAST_MATH = YES;
				ONLY_ACTIVE_ARCH = YES;
				SDKROOT = macosx;
				SWIFT_ACTIVE_COMPILATION_CONDITIONS = DEBUG;
				SWIFT_OPTIMIZATION_LEVEL = "-Onone";
			};
			name = Debug;
		};
		C13F450826CFD65B005984E0 /* Release */ = {
			isa = XCBuildConfiguration;
			buildSettings = {
				ALWAYS_SEARCH_USER_PATHS = NO;
				CLANG_ANALYZER_NONNULL = YES;
				CLANG_ANALYZER_NUMBER_OBJECT_CONVERSION = YES_AGGRESSIVE;
				CLANG_CXX_LANGUAGE_STANDARD = "gnu++17";
				CLANG_CXX_LIBRARY = "libc++";
				CLANG_ENABLE_MODULES = YES;
				CLANG_ENABLE_OBJC_ARC = YES;
				CLANG_ENABLE_OBJC_WEAK = YES;
				CLANG_WARN_BLOCK_CAPTURE_AUTORELEASING = YES;
				CLANG_WARN_BOOL_CONVERSION = YES;
				CLANG_WARN_COMMA = YES;
				CLANG_WARN_CONSTANT_CONVERSION = YES;
				CLANG_WARN_DEPRECATED_OBJC_IMPLEMENTATIONS = YES;
				CLANG_WARN_DIRECT_OBJC_ISA_USAGE = YES_ERROR;
				CLANG_WARN_DOCUMENTATION_COMMENTS = YES;
				CLANG_WARN_EMPTY_BODY = YES;
				CLANG_WARN_ENUM_CONVERSION = YES;
				CLANG_WARN_INFINITE_RECURSION = YES;
				CLANG_WARN_INT_CONVERSION = YES;
				CLANG_WARN_NON_LITERAL_NULL_CONVERSION = YES;
				CLANG_WARN_OBJC_IMPLICIT_RETAIN_SELF = YES;
				CLANG_WARN_OBJC_LITERAL_CONVERSION = YES;
				CLANG_WARN_OBJC_ROOT_CLASS = YES_ERROR;
				CLANG_WARN_QUOTED_INCLUDE_IN_FRAMEWORK_HEADER = YES;
				CLANG_WARN_RANGE_LOOP_ANALYSIS = YES;
				CLANG_WARN_STRICT_PROTOTYPES = YES;
				CLANG_WARN_SUSPICIOUS_MOVE = YES;
				CLANG_WARN_UNGUARDED_AVAILABILITY = YES_AGGRESSIVE;
				CLANG_WARN_UNREACHABLE_CODE = YES;
				CLANG_WARN__DUPLICATE_METHOD_MATCH = YES;
				COPY_PHASE_STRIP = NO;
				DEBUG_INFORMATION_FORMAT = "dwarf-with-dsym";
				ENABLE_NS_ASSERTIONS = NO;
				ENABLE_STRICT_OBJC_MSGSEND = YES;
				GCC_C_LANGUAGE_STANDARD = gnu11;
				GCC_NO_COMMON_BLOCKS = YES;
				GCC_WARN_64_TO_32_BIT_CONVERSION = YES;
				GCC_WARN_ABOUT_RETURN_TYPE = YES_ERROR;
				GCC_WARN_UNDECLARED_SELECTOR = YES;
				GCC_WARN_UNINITIALIZED_AUTOS = YES_AGGRESSIVE;
				GCC_WARN_UNUSED_FUNCTION = YES;
				GCC_WARN_UNUSED_VARIABLE = YES;
				MACOSX_DEPLOYMENT_TARGET = 12.0;
				MTL_ENABLE_DEBUG_INFO = NO;
				MTL_FAST_MATH = YES;
				SDKROOT = macosx;
				SWIFT_COMPILATION_MODE = wholemodule;
				SWIFT_OPTIMIZATION_LEVEL = "-O";
			};
			name = Release;
		};
		C13F450A26CFD65B005984E0 /* Debug */ = {
			isa = XCBuildConfiguration;
			buildSettings = {
				ASSETCATALOG_COMPILER_APPICON_NAME = AppIcon;
				ASSETCATALOG_COMPILER_GLOBAL_ACCENT_COLOR_NAME = AccentColor;
				CODE_SIGN_ENTITLEMENTS = "About This Hack/About This Hack.entitlements";
				CODE_SIGN_STYLE = Automatic;
				COMBINE_HIDPI_IMAGES = YES;
				CURRENT_PROJECT_VERSION = 1;
				DEVELOPMENT_TEAM = H336QJQ279;
				ENABLE_APP_SANDBOX = YES;
				ENABLE_HARDENED_RUNTIME = YES;
				ENABLE_USER_SELECTED_FILES = readonly;
				GENERATE_INFOPLIST_FILE = YES;
				INFOPLIST_FILE = "About-This-Hack-Info.plist";
				INFOPLIST_KEY_NSHumanReadableCopyright = "Copyright ©2021 8itCat, MDNich, and ASentientHedgehog";
				INFOPLIST_KEY_NSMainStoryboardFile = Main;
				INFOPLIST_KEY_NSPrincipalClass = NSApplication;
				LD_RUNPATH_SEARCH_PATHS = (
					"$(inherited)",
					"@executable_path/../Frameworks",
				);
				MACOSX_DEPLOYMENT_TARGET = 10.10;
				MARKETING_VERSION = 1.0;
				PRODUCT_BUNDLE_IDENTIFIER = "com.avaqueen.About-This-Hack";
				PRODUCT_NAME = "$(TARGET_NAME)";
				SWIFT_EMIT_LOC_STRINGS = YES;
				SWIFT_VERSION = 5.0;
			};
			name = Debug;
		};
		C13F450B26CFD65B005984E0 /* Release */ = {
			isa = XCBuildConfiguration;
			buildSettings = {
				ASSETCATALOG_COMPILER_APPICON_NAME = AppIcon;
				ASSETCATALOG_COMPILER_GLOBAL_ACCENT_COLOR_NAME = AccentColor;
				CODE_SIGN_ENTITLEMENTS = "About This Hack/About This Hack.entitlements";
				CODE_SIGN_STYLE = Automatic;
				COMBINE_HIDPI_IMAGES = YES;
				CURRENT_PROJECT_VERSION = 1;
				DEVELOPMENT_TEAM = H336QJQ279;
				ENABLE_APP_SANDBOX = YES;
				ENABLE_HARDENED_RUNTIME = YES;
				ENABLE_USER_SELECTED_FILES = readonly;
				GENERATE_INFOPLIST_FILE = YES;
				INFOPLIST_FILE = "About-This-Hack-Info.plist";
				INFOPLIST_KEY_NSHumanReadableCopyright = "Copyright ©2021 8itCat, MDNich, and ASentientHedgehog";
				INFOPLIST_KEY_NSMainStoryboardFile = Main;
				INFOPLIST_KEY_NSPrincipalClass = NSApplication;
				LD_RUNPATH_SEARCH_PATHS = (
					"$(inherited)",
					"@executable_path/../Frameworks",
				);
				MACOSX_DEPLOYMENT_TARGET = 10.10;
				MARKETING_VERSION = 1.0;
				PRODUCT_BUNDLE_IDENTIFIER = "com.avaqueen.About-This-Hack";
				PRODUCT_NAME = "$(TARGET_NAME)";
				SWIFT_EMIT_LOC_STRINGS = YES;
				SWIFT_VERSION = 5.0;
			};
			name = Release;
		};
		C13F450D26CFD65B005984E0 /* Debug */ = {
			isa = XCBuildConfiguration;
			buildSettings = {
				ALWAYS_EMBED_SWIFT_STANDARD_LIBRARIES = YES;
				BUNDLE_LOADER = "$(TEST_HOST)";
				CODE_SIGN_STYLE = Automatic;
				COMBINE_HIDPI_IMAGES = YES;
				CURRENT_PROJECT_VERSION = 1;
				DEVELOPMENT_TEAM = H336QJQ279;
				GENERATE_INFOPLIST_FILE = YES;
				LD_RUNPATH_SEARCH_PATHS = (
					"$(inherited)",
					"@executable_path/../Frameworks",
					"@loader_path/../Frameworks",
				);
				MACOSX_DEPLOYMENT_TARGET = 12.0;
				MARKETING_VERSION = 1.0;
				PRODUCT_BUNDLE_IDENTIFIER = "com.avaqueen.About-This-HackTests";
				PRODUCT_NAME = "$(TARGET_NAME)";
				SWIFT_EMIT_LOC_STRINGS = NO;
				SWIFT_VERSION = 5.0;
				TEST_HOST = "$(BUILT_PRODUCTS_DIR)/About This Hack.app/Contents/MacOS/About This Hack";
			};
			name = Debug;
		};
		C13F450E26CFD65B005984E0 /* Release */ = {
			isa = XCBuildConfiguration;
			buildSettings = {
				ALWAYS_EMBED_SWIFT_STANDARD_LIBRARIES = YES;
				BUNDLE_LOADER = "$(TEST_HOST)";
				CODE_SIGN_STYLE = Automatic;
				COMBINE_HIDPI_IMAGES = YES;
				CURRENT_PROJECT_VERSION = 1;
				DEVELOPMENT_TEAM = H336QJQ279;
				GENERATE_INFOPLIST_FILE = YES;
				LD_RUNPATH_SEARCH_PATHS = (
					"$(inherited)",
					"@executable_path/../Frameworks",
					"@loader_path/../Frameworks",
				);
				MACOSX_DEPLOYMENT_TARGET = 12.0;
				MARKETING_VERSION = 1.0;
				PRODUCT_BUNDLE_IDENTIFIER = "com.avaqueen.About-This-HackTests";
				PRODUCT_NAME = "$(TARGET_NAME)";
				SWIFT_EMIT_LOC_STRINGS = NO;
				SWIFT_VERSION = 5.0;
				TEST_HOST = "$(BUILT_PRODUCTS_DIR)/About This Hack.app/Contents/MacOS/About This Hack";
			};
			name = Release;
		};
		C13F451026CFD65B005984E0 /* Debug */ = {
			isa = XCBuildConfiguration;
			buildSettings = {
				ALWAYS_EMBED_SWIFT_STANDARD_LIBRARIES = YES;
				CODE_SIGN_STYLE = Automatic;
				COMBINE_HIDPI_IMAGES = YES;
				CURRENT_PROJECT_VERSION = 1;
				DEVELOPMENT_TEAM = H336QJQ279;
				GENERATE_INFOPLIST_FILE = YES;
				LD_RUNPATH_SEARCH_PATHS = (
					"$(inherited)",
					"@executable_path/../Frameworks",
					"@loader_path/../Frameworks",
				);
				MARKETING_VERSION = 1.0;
				PRODUCT_BUNDLE_IDENTIFIER = "com.avaqueen.About-This-HackUITests";
				PRODUCT_NAME = "$(TARGET_NAME)";
				SWIFT_EMIT_LOC_STRINGS = NO;
				SWIFT_VERSION = 5.0;
				TEST_TARGET_NAME = "About This Hack";
			};
			name = Debug;
		};
		C13F451126CFD65B005984E0 /* Release */ = {
			isa = XCBuildConfiguration;
			buildSettings = {
				ALWAYS_EMBED_SWIFT_STANDARD_LIBRARIES = YES;
				CODE_SIGN_STYLE = Automatic;
				COMBINE_HIDPI_IMAGES = YES;
				CURRENT_PROJECT_VERSION = 1;
				DEVELOPMENT_TEAM = H336QJQ279;
				GENERATE_INFOPLIST_FILE = YES;
				LD_RUNPATH_SEARCH_PATHS = (
					"$(inherited)",
					"@executable_path/../Frameworks",
					"@loader_path/../Frameworks",
				);
				MARKETING_VERSION = 1.0;
				PRODUCT_BUNDLE_IDENTIFIER = "com.avaqueen.About-This-HackUITests";
				PRODUCT_NAME = "$(TARGET_NAME)";
				SWIFT_EMIT_LOC_STRINGS = NO;
				SWIFT_VERSION = 5.0;
				TEST_TARGET_NAME = "About This Hack";
			};
			name = Release;
		};
/* End XCBuildConfiguration section */

/* Begin XCConfigurationList section */
		C13F44E226CFD65A005984E0 /* Build configuration list for PBXProject "About This Hack" */ = {
			isa = XCConfigurationList;
			buildConfigurations = (
				C13F450726CFD65B005984E0 /* Debug */,
				C13F450826CFD65B005984E0 /* Release */,
			);
			defaultConfigurationIsVisible = 0;
			defaultConfigurationName = Release;
		};
		C13F450926CFD65B005984E0 /* Build configuration list for PBXNativeTarget "About This Hack" */ = {
			isa = XCConfigurationList;
			buildConfigurations = (
				C13F450A26CFD65B005984E0 /* Debug */,
				C13F450B26CFD65B005984E0 /* Release */,
			);
			defaultConfigurationIsVisible = 0;
			defaultConfigurationName = Release;
		};
		C13F450C26CFD65B005984E0 /* Build configuration list for PBXNativeTarget "About This HackTests" */ = {
			isa = XCConfigurationList;
			buildConfigurations = (
				C13F450D26CFD65B005984E0 /* Debug */,
				C13F450E26CFD65B005984E0 /* Release */,
			);
			defaultConfigurationIsVisible = 0;
			defaultConfigurationName = Release;
		};
		C13F450F26CFD65B005984E0 /* Build configuration list for PBXNativeTarget "About This HackUITests" */ = {
			isa = XCConfigurationList;
			buildConfigurations = (
				C13F451026CFD65B005984E0 /* Debug */,
				C13F451126CFD65B005984E0 /* Release */,
			);
			defaultConfigurationIsVisible = 0;
			defaultConfigurationName = Release;
		};
/* End XCConfigurationList section */
	};
	rootObject = C13F44DF26CFD65A005984E0 /* Project object */;
}
